PackratFormat: 1.4
PackratVersion: 0.4.9.10
RVersion: 3.4.3
Repos: CRAN=https://cran.rstudio.com/,
    CRANextra=http://www.stats.ox.ac.uk/pub/RWin

Package: packrat
Source: github
Version: 0.4.9-10
GithubRepo: packrat
GithubUsername: rstudio
GithubRef: master
GithubSha1: 7d320b1c946a5c71232baeba8bc1fa96e9e6befb
RemoteHost: https://api.github.com
RemoteRepo: packrat
RemoteUsername: rstudio
RemoteSha: 7d320b1c946a5c71232baeba8bc1fa96e9e6befb
Hash: 081a95994951a45b273ea12ea46512be
